
Microsoft Visual Studio Solution File, Format Version 12.00
# Visual Studio Version 17
VisualStudioVersion = 17.0.31903.59
MinimumVisualStudioVersion = 10.0.40219.1
Project("{FAE04EC0-301F-11D3-BF4B-00C04F79EFBC}") = "BuberBreakfast", "BuberBreakfast\BuberBreakfast.csproj", "{5E45643D-36D4-492B-953F-DB0E00A1CDFD}"
EndProject
Project("{FAE04EC0-301F-11D3-BF4B-00C04F79EFBC}") = "BuberBreakfast.Contracts", "BuberBreakfast.Contracts\BuberBreakfast.Contracts.csproj", "{6CF02266-9D17-4971-9AEA-0091F663BD26}"
EndProject
Global
	GlobalSection(SolutionConfigurationPlatforms) = preSolution
		Debug|Any CPU = Debug|Any CPU
		Release|Any CPU = Release|Any CPU
	EndGlobalSection
	GlobalSection(SolutionProperties) = preSolution
		HideSolutionNode = FALSE
	EndGlobalSection
	GlobalSection(ProjectConfigurationPlatforms) = postSolution
		{5E45643D-36D4-492B-953F-DB0E00A1CDFD}.Debug|Any CPU.ActiveCfg = Debug|Any CPU
		{5E45643D-36D4-492B-953F-DB0E00A1CDFD}.Debug|Any CPU.Build.0 = Debug|Any CPU
		{5E45643D-36D4-492B-953F-DB0E00A1CDFD}.Release|Any CPU.ActiveCfg = Release|Any CPU
		{5E45643D-36D4-492B-953F-DB0E00A1CDFD}.Release|Any CPU.Build.0 = Release|Any CPU
		{6CF02266-9D17-4971-9AEA-0091F663BD26}.Debug|Any CPU.ActiveCfg = Debug|Any CPU
		{6CF02266-9D17-4971-9AEA-0091F663BD26}.Debug|Any CPU.Build.0 = Debug|Any CPU
		{6CF02266-9D17-4971-9AEA-0091F663BD26}.Release|Any CPU.ActiveCfg = Release|Any CPU
		{6CF02266-9D17-4971-9AEA-0091F663BD26}.Release|Any CPU.Build.0 = Release|Any CPU
	EndGlobalSection
EndGlobal
